// !$*UTF8*$!
{
	archiveVersion = 1;
	classes = {
	};
	objectVersion = 50;
	objects = {

/* Begin PBXBuildFile section */
		7672024B23F4BBD000FCA4AC /* AppDelegate.swift in Sources */ = {isa = PBXBuildFile; fileRef = 7672024A23F4BBD000FCA4AC /* AppDelegate.swift */; };
		7672024D23F4BBD000FCA4AC /* SceneDelegate.swift in Sources */ = {isa = PBXBuildFile; fileRef = 7672024C23F4BBD000FCA4AC /* SceneDelegate.swift */; };
		7672024F23F4BBD000FCA4AC /* ViewController.swift in Sources */ = {isa = PBXBuildFile; fileRef = 7672024E23F4BBD000FCA4AC /* ViewController.swift */; };
		7672025223F4BBD000FCA4AC /* Main.storyboard in Resources */ = {isa = PBXBuildFile; fileRef = 7672025023F4BBD000FCA4AC /* Main.storyboard */; };
		7672025423F4BBD200FCA4AC /* Assets.xcassets in Resources */ = {isa = PBXBuildFile; fileRef = 7672025323F4BBD200FCA4AC /* Assets.xcassets */; };
		7672025723F4BBD200FCA4AC /* LaunchScreen.storyboard in Resources */ = {isa = PBXBuildFile; fileRef = 7672025523F4BBD200FCA4AC /* LaunchScreen.storyboard */; };
/* End PBXBuildFile section */

/* Begin PBXFileReference section */
		7672024723F4BBD000FCA4AC /* MarioKart Animations.app */ = {isa = PBXFileReference; explicitFileType = wrapper.application; includeInIndex = 0; path = "MarioKart Animations.app"; sourceTree = BUILT_PRODUCTS_DIR; };
		7672024A23F4BBD000FCA4AC /* AppDelegate.swift */ = {isa = PBXFileReference; lastKnownFileType = sourcecode.swift; path = AppDelegate.swift; sourceTree = "<group>"; };
		7672024C23F4BBD000FCA4AC /* SceneDelegate.swift */ = {isa = PBXFileReference; lastKnownFileType = sourcecode.swift; path = SceneDelegate.swift; sourceTree = "<group>"; };
		7672024E23F4BBD000FCA4AC /* ViewController.swift */ = {isa = PBXFileReference; lastKnownFileType = sourcecode.swift; path = ViewController.swift; sourceTree = "<group>"; };
		7672025123F4BBD000FCA4AC /* Base */ = {isa = PBXFileReference; lastKnownFileType = file.storyboard; name = Base; path = Base.lproj/Main.storyboard; sourceTree = "<group>"; };
		7672025323F4BBD200FCA4AC /* Assets.xcassets */ = {isa = PBXFileReference; lastKnownFileType = folder.assetcatalog; path = Assets.xcassets; sourceTree = "<group>"; };
		7672025623F4BBD200FCA4AC /* Base */ = {isa = PBXFileReference; lastKnownFileType = file.storyboard; name = Base; path = Base.lproj/LaunchScreen.storyboard; sourceTree = "<group>"; };
		7672025823F4BBD200FCA4AC /* Info.plist */ = {isa = PBXFileReference; lastKnownFileType = text.plist.xml; path = Info.plist; sourceTree = "<group>"; };
/* End PBXFileReference section */

/* Begin PBXFrameworksBuildPhase section */
		7672024423F4BBD000FCA4AC /* Frameworks */ = {
			isa = PBXFrameworksBuildPhase;
			buildActionMask = 2147483647;
			files = (
			);
			runOnlyForDeploymentPostprocessing = 0;
		};
/* End PBXFrameworksBuildPhase section */

/* Begin PBXGroup section */
		7672023E23F4BBD000FCA4AC = {
			isa = PBXGroup;
			children = (
				7672024923F4BBD000FCA4AC /* MarioKart Animations */,
				7672024823F4BBD000FCA4AC /* Products */,
			);
			sourceTree = "<group>";
		};
		7672024823F4BBD000FCA4AC /* Products */ = {
			isa = PBXGroup;
			children = (
				7672024723F4BBD000FCA4AC /* MarioKart Animations.app */,
			);
			name = Products;
			sourceTree = "<group>";
		};
		7672024923F4BBD000FCA4AC /* MarioKart Animations */ = {
			isa = PBXGroup;
			children = (
				7672024A23F4BBD000FCA4AC /* AppDelegate.swift */,
				7672024C23F4BBD000FCA4AC /* SceneDelegate.swift */,
				7672024E23F4BBD000FCA4AC /* ViewController.swift */,
				7672025023F4BBD000FCA4AC /* Main.storyboard */,
				7672025323F4BBD200FCA4AC /* Assets.xcassets */,
				7672025523F4BBD200FCA4AC /* LaunchScreen.storyboard */,
				7672025823F4BBD200FCA4AC /* Info.plist */,
			);
			path = "MarioKart Animations";
			sourceTree = "<group>";
		};
/* End PBXGroup section */

/* Begin PBXNativeTarget section */
		7672024623F4BBD000FCA4AC /* MarioKart Animations */ = {
			isa = PBXNativeTarget;
			buildConfigurationList = 7672025B23F4BBD200FCA4AC /* Build configuration list for PBXNativeTarget "MarioKart Animations" */;
			buildPhases = (
				7672024323F4BBD000FCA4AC /* Sources */,
				7672024423F4BBD000FCA4AC /* Frameworks */,
				7672024523F4BBD000FCA4AC /* Resources */,
			);
			buildRules = (
			);
			dependencies = (
			);
			name = "MarioKart Animations";
			productName = "MarioKart Animations";
			productReference = 7672024723F4BBD000FCA4AC /* MarioKart Animations.app */;
			productType = "com.apple.product-type.application";
		};
/* End PBXNativeTarget section */

/* Begin PBXProject section */
		7672023F23F4BBD000FCA4AC /* Project object */ = {
			isa = PBXProject;
			attributes = {
				LastSwiftUpdateCheck = 1130;
				LastUpgradeCheck = 1130;
				ORGANIZATIONNAME = "Pallav Agarwal";
				TargetAttributes = {
					7672024623F4BBD000FCA4AC = {
						CreatedOnToolsVersion = 11.3.1;
					};
				};
			};
			buildConfigurationList = 7672024223F4BBD000FCA4AC /* Build configuration list for PBXProject "MarioKart Animations" */;
			compatibilityVersion = "Xcode 9.3";
			developmentRegion = en;
			hasScannedForEncodings = 0;
			knownRegions = (
				en,
				Base,
			);
			mainGroup = 7672023E23F4BBD000FCA4AC;
			productRefGroup = 7672024823F4BBD000FCA4AC /* Products */;
			projectDirPath = "";
			projectRoot = "";
			targets = (
				7672024623F4BBD000FCA4AC /* MarioKart Animations */,
			);
		};
/* End PBXProject section */

/* Begin PBXResourcesBuildPhase section */
		7672024523F4BBD000FCA4AC /* Resources */ = {
			isa = PBXResourcesBuildPhase;
			buildActionMask = 2147483647;
			files = (
				7672025723F4BBD200FCA4AC /* LaunchScreen.storyboard in Resources */,
				7672025423F4BBD200FCA4AC /* Assets.xcassets in Resources */,
				7672025223F4BBD000FCA4AC /* Main.storyboard in Resources */,
			);
			runOnlyForDeploymentPostprocessing = 0;
		};
/* End PBXResourcesBuildPhase section */

/* Begin PBXSourcesBuildPhase section */
		7672024323F4BBD000FCA4AC /* Sources */ = {
			isa = PBXSourcesBuildPhase;
			buildActionMask = 2147483647;
			files = (
				7672024F23F4BBD000FCA4AC /* ViewController.swift in Sources */,
				7672024B23F4BBD000FCA4AC /* AppDelegate.swift in Sources */,
				7672024D23F4BBD000FCA4AC /* SceneDelegate.swift in Sources */,
			);
			runOnlyForDeploymentPostprocessing = 0;
		};
/* End PBXSourcesBuildPhase section */

/* Begin PBXVariantGroup section */
		7672025023F4BBD000FCA4AC /* Main.storyboard */ = {
			isa = PBXVariantGroup;
			children = (
				7672025123F4BBD000FCA4AC /* Base */,
			);
			name = Main.storyboard;
			sourceTree = "<group>";
		};
		7672025523F4BBD200FCA4AC /* LaunchScreen.storyboard */ = {
			isa = PBXVariantGroup;
			children = (
				7672025623F4BBD200FCA4AC /* Base */,
			);
			name = LaunchScreen.storyboard;
			sourceTree = "<group>";
		};
/* End PBXVariantGroup section */

/* Begin XCBuildConfiguration section */
		7672025923F4BBD200FCA4AC /* Debug */ = {
			isa = XCBuildConfiguration;
			buildSettings = {
				ALWAYS_SEARCH_USER_PATHS = NO;
				CLANG_ANALYZER_NONNULL = YES;
				CLANG_ANALYZER_NUMBER_OBJECT_CONVERSION = YES_AGGRESSIVE;
				CLANG_CXX_LANGUAGE_STANDARD = "gnu++14";
				CLANG_CXX_LIBRARY = "libc++";
				CLANG_ENABLE_MODULES = YES;
				CLANG_ENABLE_OBJC_ARC = YES;
				CLANG_ENABLE_OBJC_WEAK = YES;
				CLANG_WARN_BLOCK_CAPTURE_AUTORELEASING = YES;
				CLANG_WARN_BOOL_CONVERSION = YES;
				CLANG_WARN_COMMA = YES;
				CLANG_WARN_CONSTANT_CONVERSION = YES;
				CLANG_WARN_DEPRECATED_OBJC_IMPLEMENTATIONS = YES;
				CLANG_WARN_DIRECT_OBJC_ISA_USAGE = YES_ERROR;
				CLANG_WARN_DOCUMENTATION_COMMENTS = YES;
				CLANG_WARN_EMPTY_BODY = YES;
				CLANG_WARN_ENUM_CONVERSION = YES;
				CLANG_WARN_INFINITE_RECURSION = YES;
				CLANG_WARN_INT_CONVERSION = YES;
				CLANG_WARN_NON_LITERAL_NULL_CONVERSION = YES;
				CLANG_WARN_OBJC_IMPLICIT_RETAIN_SELF = YES;
				CLANG_WARN_OBJC_LITERAL_CONVERSION = YES;
				CLANG_WARN_OBJC_ROOT_CLASS = YES_ERROR;
				CLANG_WARN_RANGE_LOOP_ANALYSIS = YES;
				CLANG_WARN_STRICT_PROTOTYPES = YES;
				CLANG_WARN_SUSPICIOUS_MOVE = YES;
				CLANG_WARN_UNGUARDED_AVAILABILITY = YES_AGGRESSIVE;
				CLANG_WARN_UNREACHABLE_CODE = YES;
				CLANG_WARN__DUPLICATE_METHOD_MATCH = YES;
				COPY_PHASE_STRIP = NO;
				DEBUG_INFORMATION_FORMAT = dwarf;
				ENABLE_STRICT_OBJC_MSGSEND = YES;
				ENABLE_TESTABILITY = YES;
				GCC_C_LANGUAGE_STANDARD = gnu11;
				GCC_DYNAMIC_NO_PIC = NO;
				GCC_NO_COMMON_BLOCKS = YES;
				GCC_OPTIMIZATION_LEVEL = 0;
				GCC_PREPROCESSOR_DEFINITIONS = (
					"DEBUG=1",
					"$(inherited)",
				);
				GCC_WARN_64_TO_32_BIT_CONVERSION = YES;
				GCC_WARN_ABOUT_RETURN_TYPE = YES_ERROR;
				GCC_WARN_UNDECLARED_SELECTOR = YES;
				GCC_WARN_UNINITIALIZED_AUTOS = YES_AGGRESSIVE;
				GCC_WARN_UNUSED_FUNCTION = YES;
				GCC_WARN_UNUSED_VARIABLE = YES;
				IPHONEOS_DEPLOYMENT_TARGET = 13.2;
				MTL_ENABLE_DEBUG_INFO = INCLUDE_SOURCE;
				MTL_FAST_MATH = YES;
				ONLY_ACTIVE_ARCH = YES;
				SDKROOT = iphoneos;
				SWIFT_ACTIVE_COMPILATION_CONDITIONS = DEBUG;
				SWIFT_OPTIMIZATION_LEVEL = "-Onone";
			};
			name = Debug;
		};
		7672025A23F4BBD200FCA4AC /* Release */ = {
			isa = XCBuildConfiguration;
			buildSettings = {
				ALWAYS_SEARCH_USER_PATHS = NO;
				CLANG_ANALYZER_NONNULL = YES;
				CLANG_ANALYZER_NUMBER_OBJECT_CONVERSION = YES_AGGRESSIVE;
				CLANG_CXX_LANGUAGE_STANDARD = "gnu++14";
				CLANG_CXX_LIBRARY = "libc++";
				CLANG_ENABLE_MODULES = YES;
				CLANG_ENABLE_OBJC_ARC = YES;
				CLANG_ENABLE_OBJC_WEAK = YES;
				CLANG_WARN_BLOCK_CAPTURE_AUTORELEASING = YES;
				CLANG_WARN_BOOL_CONVERSION = YES;
				CLANG_WARN_COMMA = YES;
				CLANG_WARN_CONSTANT_CONVERSION = YES;
				CLANG_WARN_DEPRECATED_OBJC_IMPLEMENTATIONS = YES;
				CLANG_WARN_DIRECT_OBJC_ISA_USAGE = YES_ERROR;
				CLANG_WARN_DOCUMENTATION_COMMENTS = YES;
				CLANG_WARN_EMPTY_BODY = YES;
				CLANG_WARN_ENUM_CONVERSION = YES;
				CLANG_WARN_INFINITE_RECURSION = YES;
				CLANG_WARN_INT_CONVERSION = YES;
				CLANG_WARN_NON_LITERAL_NULL_CONVERSION = YES;
				CLANG_WARN_OBJC_IMPLICIT_RETAIN_SELF = YES;
				CLANG_WARN_OBJC_LITERAL_CONVERSION = YES;
				CLANG_WARN_OBJC_ROOT_CLASS = YES_ERROR;
				CLANG_WARN_RANGE_LOOP_ANALYSIS = YES;
				CLANG_WARN_STRICT_PROTOTYPES = YES;
				CLANG_WARN_SUSPICIOUS_MOVE = YES;
				CLANG_WARN_UNGUARDED_AVAILABILITY = YES_AGGRESSIVE;
				CLANG_WARN_UNREACHABLE_CODE = YES;
				CLANG_WARN__DUPLICATE_METHOD_MATCH = YES;
				COPY_PHASE_STRIP = NO;
				DEBUG_INFORMATION_FORMAT = "dwarf-with-dsym";
				ENABLE_NS_ASSERTIONS = NO;
				ENABLE_STRICT_OBJC_MSGSEND = YES;
				GCC_C_LANGUAGE_STANDARD = gnu11;
				GCC_NO_COMMON_BLOCKS = YES;
				GCC_WARN_64_TO_32_BIT_CONVERSION = YES;
				GCC_WARN_ABOUT_RETURN_TYPE = YES_ERROR;
				GCC_WARN_UNDECLARED_SELECTOR = YES;
				GCC_WARN_UNINITIALIZED_AUTOS = YES_AGGRESSIVE;
				GCC_WARN_UNUSED_FUNCTION = YES;
				GCC_WARN_UNUSED_VARIABLE = YES;
				IPHONEOS_DEPLOYMENT_TARGET = 13.2;
				MTL_ENABLE_DEBUG_INFO = NO;
				MTL_FAST_MATH = YES;
				SDKROOT = iphoneos;
				SWIFT_COMPILATION_MODE = wholemodule;
				SWIFT_OPTIMIZATION_LEVEL = "-O";
				VALIDATE_PRODUCT = YES;
			};
			name = Release;
		};
		7672025C23F4BBD200FCA4AC /* Debug */ = {
			isa = XCBuildConfiguration;
			buildSettings = {
				ASSETCATALOG_COMPILER_APPICON_NAME = AppIcon;
				CODE_SIGN_STYLE = Automatic;
				DEVELOPMENT_TEAM = 8VY7TSAQP8;
				INFOPLIST_FILE = "MarioKart Animations/Info.plist";
				LD_RUNPATH_SEARCH_PATHS = (
					"$(inherited)",
					"@executable_path/Frameworks",
				);
				PRODUCT_BUNDLE_IDENTIFIER = "com.appilous.MarioKart-Animations";
				PRODUCT_NAME = "$(TARGET_NAME)";
				SWIFT_VERSION = 5.0;
				TARGETED_DEVICE_FAMILY = "1,2";
			};
			name = Debug;
		};
		7672025D23F4BBD200FCA4AC /* Release */ = {
			isa = XCBuildConfiguration;
			buildSettings = {
				ASSETCATALOG_COMPILER_APPICON_NAME = AppIcon;
				CODE_SIGN_STYLE = Automatic;
				DEVELOPMENT_TEAM = 8VY7TSAQP8;
				INFOPLIST_FILE = "MarioKart Animations/Info.plist";
				LD_RUNPATH_SEARCH_PATHS = (
					"$(inherited)",
					"@executable_path/Frameworks",
				);
				PRODUCT_BUNDLE_IDENTIFIER = "com.appilous.MarioKart-Animations";
				PRODUCT_NAME = "$(TARGET_NAME)";
				SWIFT_VERSION = 5.0;
				TARGETED_DEVICE_FAMILY = "1,2";
			};
			name = Release;
		};
/* End XCBuildConfiguration section */

/* Begin XCConfigurationList section */
		7672024223F4BBD000FCA4AC /* Build configuration list for PBXProject "MarioKart Animations" */ = {
			isa = XCConfigurationList;
			buildConfigurations = (
				7672025923F4BBD200FCA4AC /* Debug */,
				7672025A23F4BBD200FCA4AC /* Release */,
			);
			defaultConfigurationIsVisible = 0;
			defaultConfigurationName = Release;
		};
		7672025B23F4BBD200FCA4AC /* Build configuration list for PBXNativeTarget "MarioKart Animations" */ = {
			isa = XCConfigurationList;
			buildConfigurations = (
				7672025C23F4BBD200FCA4AC /* Debug */,
				7672025D23F4BBD200FCA4AC /* Release */,
			);
			defaultConfigurationIsVisible = 0;
			defaultConfigurationName = Release;
		};
/* End XCConfigurationList section */
	};
	rootObject = 7672023F23F4BBD000FCA4AC /* Project object */;
}
